{
  "name": "pairs-and-paths",
  "version": "0.0.0",
  "lockfileVersion": 3,
  "requires": true,
  "packages": {
    "": {
      "name": "pairs-and-paths",
      "version": "0.0.0",
      "dependencies": {
        "phaser": "4.2.1"
      },
      "devDependencies": {
        "typescript": "5.9.2"
      },
      "engines": {
        "node": ">=22"
      }
    },
    "node_modules/phaser": {
      "version": "4.2.1"
    },
    "node_modules/typescript": {
      "version": "5.9.2",
      "dev": true,
      "bin": {
        "tsc": "bin/tsc",
        "tsserver": "bin/tsserver"
      },
      "engines": {
        "node": ">=14.17"
      }
    }
  }
}
